{
  "name": "happy-work-clients",
  "lockfileVersion": 3,
  "requires": true,
  "packages": {
    "": {
      "name": "happy-work-clients",
      "workspaces": [
        "platforms/browser-extension"
      ]
    },
    "node_modules/@happy-work/browser-extension": {
      "resolved": "platforms/browser-extension",
      "link": true
    },
    "platforms/browser-extension": {
      "name": "@happy-work/browser-extension",
      "version": "3.0.0",
      "license": "MIT",
      "devDependencies": {}
    }
  }
}
